
Microsoft Visual Studio Solution File, Format Version 12.00
Project("{FAE04EC0-301F-11D3-BF4B-00C04F79EFBC}") = "AdapterEdgeDemo", "src\AdapterEdgeDemo\AdapterEdgeDemo.csproj", "{F48F83B0-8EA4-42E6-8CBA-9DC9C7E59A44}"
EndProject
Project("{FAE04EC0-301F-11D3-BF4B-00C04F79EFBC}") = "AdapterMeshDemo", "src\AdapterMeshDemo\AdapterMeshDemo.csproj", "{D95F33A7-8911-4BB0-90DF-A53F307D17AE}"
EndProject
Project("{2150E333-8FDC-42A3-9474-1A3956D46DE8}") = "tests", "tests", "{0AB3BF05-4346-4AA6-1389-037BE0695223}"
EndProject
Project("{FAE04EC0-301F-11D3-BF4B-00C04F79EFBC}") = "AdapterEdgeDemo.Tests", "tests\AdapterEdgeDemo.Tests\AdapterEdgeDemo.Tests.csproj", "{40197C2C-7799-4577-863F-8F88C06533C3}"
EndProject
Project("{2150E333-8FDC-42A3-9474-1A3956D46DE8}") = "src", "src", "{827E0CD3-B72D-47B6-A68D-7590B98EB39B}"
EndProject
Project("{FAE04EC0-301F-11D3-BF4B-00C04F79EFBC}") = "AdapterMeshDemo.Tests", "tests\AdapterMeshDemo.Tests\AdapterMeshDemo.Tests.csproj", "{B74AFABC-36FE-40DA-B215-2BFA55396D70}"
EndProject
Project("{FAE04EC0-301F-11D3-BF4B-00C04F79EFBC}") = "AdapterDemos.IntegrationTests", "tests\AdapterDemos.IntegrationTests\AdapterDemos.IntegrationTests.csproj", "{20B6D86E-D1F0-4C10-B99A-E2957C1B3825}"
EndProject
Global
	GlobalSection(SolutionConfigurationPlatforms) = preSolution
		Debug|Any CPU = Debug|Any CPU
		Debug|x64 = Debug|x64
		Debug|x86 = Debug|x86
		Release|Any CPU = Release|Any CPU
		Release|x64 = Release|x64
		Release|x86 = Release|x86
		DebugL|Any CPU = DebugL|Any CPU
		DebugL|x64 = DebugL|x64
		DebugL|x86 = DebugL|x86
	EndGlobalSection
	GlobalSection(ProjectConfigurationPlatforms) = postSolution
		{F48F83B0-8EA4-42E6-8CBA-9DC9C7E59A44}.Debug|Any CPU.ActiveCfg = Debug|Any CPU
		{F48F83B0-8EA4-42E6-8CBA-9DC9C7E59A44}.Debug|Any CPU.Build.0 = Debug|Any CPU
		{F48F83B0-8EA4-42E6-8CBA-9DC9C7E59A44}.Debug|x64.ActiveCfg = Debug|Any CPU
		{F48F83B0-8EA4-42E6-8CBA-9DC9C7E59A44}.Debug|x64.Build.0 = Debug|Any CPU
		{F48F83B0-8EA4-42E6-8CBA-9DC9C7E59A44}.Debug|x86.ActiveCfg = Debug|Any CPU
		{F48F83B0-8EA4-42E6-8CBA-9DC9C7E59A44}.Debug|x86.Build.0 = Debug|Any CPU
		{F48F83B0-8EA4-42E6-8CBA-9DC9C7E59A44}.Release|Any CPU.ActiveCfg = Release|Any CPU
		{F48F83B0-8EA4-42E6-8CBA-9DC9C7E59A44}.Release|Any CPU.Build.0 = Release|Any CPU
		{F48F83B0-8EA4-42E6-8CBA-9DC9C7E59A44}.Release|x64.ActiveCfg = Release|Any CPU
		{F48F83B0-8EA4-42E6-8CBA-9DC9C7E59A44}.Release|x64.Build.0 = Release|Any CPU
		{F48F83B0-8EA4-42E6-8CBA-9DC9C7E59A44}.Release|x86.ActiveCfg = Release|Any CPU
		{F48F83B0-8EA4-42E6-8CBA-9DC9C7E59A44}.Release|x86.Build.0 = Release|Any CPU
		{F48F83B0-8EA4-42E6-8CBA-9DC9C7E59A44}.DebugL|Any CPU.ActiveCfg = DebugL|Any CPU
		{F48F83B0-8EA4-42E6-8CBA-9DC9C7E59A44}.DebugL|Any CPU.Build.0 = DebugL|Any CPU
		{F48F83B0-8EA4-42E6-8CBA-9DC9C7E59A44}.DebugL|x64.ActiveCfg = DebugL|Any CPU
		{F48F83B0-8EA4-42E6-8CBA-9DC9C7E59A44}.DebugL|x64.Build.0 = DebugL|Any CPU
		{F48F83B0-8EA4-42E6-8CBA-9DC9C7E59A44}.DebugL|x86.ActiveCfg = DebugL|Any CPU
		{F48F83B0-8EA4-42E6-8CBA-9DC9C7E59A44}.DebugL|x86.Build.0 = DebugL|Any CPU
		{D95F33A7-8911-4BB0-90DF-A53F307D17AE}.Debug|Any CPU.ActiveCfg = Debug|Any CPU
		{D95F33A7-8911-4BB0-90DF-A53F307D17AE}.Debug|Any CPU.Build.0 = Debug|Any CPU
		{D95F33A7-8911-4BB0-90DF-A53F307D17AE}.Debug|x64.ActiveCfg = Debug|Any CPU
		{D95F33A7-8911-4BB0-90DF-A53F307D17AE}.Debug|x64.Build.0 = Debug|Any CPU
		{D95F33A7-8911-4BB0-90DF-A53F307D17AE}.Debug|x86.ActiveCfg = Debug|Any CPU
		{D95F33A7-8911-4BB0-90DF-A53F307D17AE}.Debug|x86.Build.0 = Debug|Any CPU
		{D95F33A7-8911-4BB0-90DF-A53F307D17AE}.Release|Any CPU.ActiveCfg = Release|Any CPU
		{D95F33A7-8911-4BB0-90DF-A53F307D17AE}.Release|Any CPU.Build.0 = Release|Any CPU
		{D95F33A7-8911-4BB0-90DF-A53F307D17AE}.Release|x64.ActiveCfg = Release|Any CPU
		{D95F33A7-8911-4BB0-90DF-A53F307D17AE}.Release|x64.Build.0 = Release|Any CPU
		{D95F33A7-8911-4BB0-90DF-A53F307D17AE}.Release|x86.ActiveCfg = Release|Any CPU
		{D95F33A7-8911-4BB0-90DF-A53F307D17AE}.Release|x86.Build.0 = Release|Any CPU
		{D95F33A7-8911-4BB0-90DF-A53F307D17AE}.DebugL|Any CPU.ActiveCfg = DebugL|Any CPU
		{D95F33A7-8911-4BB0-90DF-A53F307D17AE}.DebugL|Any CPU.Build.0 = DebugL|Any CPU
		{D95F33A7-8911-4BB0-90DF-A53F307D17AE}.DebugL|x64.ActiveCfg = DebugL|Any CPU
		{D95F33A7-8911-4BB0-90DF-A53F307D17AE}.DebugL|x64.Build.0 = DebugL|Any CPU
		{D95F33A7-8911-4BB0-90DF-A53F307D17AE}.DebugL|x86.ActiveCfg = DebugL|Any CPU
		{D95F33A7-8911-4BB0-90DF-A53F307D17AE}.DebugL|x86.Build.0 = DebugL|Any CPU
		{40197C2C-7799-4577-863F-8F88C06533C3}.Debug|Any CPU.ActiveCfg = Debug|Any CPU
		{40197C2C-7799-4577-863F-8F88C06533C3}.Debug|Any CPU.Build.0 = Debug|Any CPU
		{40197C2C-7799-4577-863F-8F88C06533C3}.Debug|x64.ActiveCfg = Debug|Any CPU
		{40197C2C-7799-4577-863F-8F88C06533C3}.Debug|x64.Build.0 = Debug|Any CPU
		{40197C2C-7799-4577-863F-8F88C06533C3}.Debug|x86.ActiveCfg = Debug|Any CPU
		{40197C2C-7799-4577-863F-8F88C06533C3}.Debug|x86.Build.0 = Debug|Any CPU
		{40197C2C-7799-4577-863F-8F88C06533C3}.Release|Any CPU.ActiveCfg = Release|Any CPU
		{40197C2C-7799-4577-863F-8F88C06533C3}.Release|Any CPU.Build.0 = Release|Any CPU
		{40197C2C-7799-4577-863F-8F88C06533C3}.Release|x64.ActiveCfg = Release|Any CPU
		{40197C2C-7799-4577-863F-8F88C06533C3}.Release|x64.Build.0 = Release|Any CPU
		{40197C2C-7799-4577-863F-8F88C06533C3}.Release|x86.ActiveCfg = Release|Any CPU
		{40197C2C-7799-4577-863F-8F88C06533C3}.Release|x86.Build.0 = Release|Any CPU
		{40197C2C-7799-4577-863F-8F88C06533C3}.DebugL|Any CPU.ActiveCfg = DebugL|Any CPU
		{40197C2C-7799-4577-863F-8F88C06533C3}.DebugL|Any CPU.Build.0 = DebugL|Any CPU
		{40197C2C-7799-4577-863F-8F88C06533C3}.DebugL|x64.ActiveCfg = DebugL|Any CPU
		{40197C2C-7799-4577-863F-8F88C06533C3}.DebugL|x64.Build.0 = DebugL|Any CPU
		{40197C2C-7799-4577-863F-8F88C06533C3}.DebugL|x86.ActiveCfg = DebugL|Any CPU
		{40197C2C-7799-4577-863F-8F88C06533C3}.DebugL|x86.Build.0 = DebugL|Any CPU
		{B74AFABC-36FE-40DA-B215-2BFA55396D70}.Debug|Any CPU.ActiveCfg = Debug|Any CPU
		{B74AFABC-36FE-40DA-B215-2BFA55396D70}.Debug|Any CPU.Build.0 = Debug|Any CPU
		{B74AFABC-36FE-40DA-B215-2BFA55396D70}.Debug|x64.ActiveCfg = Debug|Any CPU
		{B74AFABC-36FE-40DA-B215-2BFA55396D70}.Debug|x64.Build.0 = Debug|Any CPU
		{B74AFABC-36FE-40DA-B215-2BFA55396D70}.Debug|x86.ActiveCfg = Debug|Any CPU
		{B74AFABC-36FE-40DA-B215-2BFA55396D70}.Debug|x86.Build.0 = Debug|Any CPU
		{B74AFABC-36FE-40DA-B215-2BFA55396D70}.Release|Any CPU.ActiveCfg = Release|Any CPU
		{B74AFABC-36FE-40DA-B215-2BFA55396D70}.Release|Any CPU.Build.0 = Release|Any CPU
		{B74AFABC-36FE-40DA-B215-2BFA55396D70}.Release|x64.ActiveCfg = Release|Any CPU
		{B74AFABC-36FE-40DA-B215-2BFA55396D70}.Release|x64.Build.0 = Release|Any CPU
		{B74AFABC-36FE-40DA-B215-2BFA55396D70}.Release|x86.ActiveCfg = Release|Any CPU
		{B74AFABC-36FE-40DA-B215-2BFA55396D70}.Release|x86.Build.0 = Release|Any CPU
		{B74AFABC-36FE-40DA-B215-2BFA55396D70}.DebugL|Any CPU.ActiveCfg = DebugL|Any CPU
		{B74AFABC-36FE-40DA-B215-2BFA55396D70}.DebugL|Any CPU.Build.0 = DebugL|Any CPU
		{B74AFABC-36FE-40DA-B215-2BFA55396D70}.DebugL|x64.ActiveCfg = DebugL|Any CPU
		{B74AFABC-36FE-40DA-B215-2BFA55396D70}.DebugL|x64.Build.0 = DebugL|Any CPU
		{B74AFABC-36FE-40DA-B215-2BFA55396D70}.DebugL|x86.ActiveCfg = DebugL|Any CPU
		{B74AFABC-36FE-40DA-B215-2BFA55396D70}.DebugL|x86.Build.0 = DebugL|Any CPU
		{20B6D86E-D1F0-4C10-B99A-E2957C1B3825}.Debug|Any CPU.ActiveCfg = Debug|Any CPU
		{20B6D86E-D1F0-4C10-B99A-E2957C1B3825}.Debug|Any CPU.Build.0 = Debug|Any CPU
		{20B6D86E-D1F0-4C10-B99A-E2957C1B3825}.Debug|x64.ActiveCfg = Debug|Any CPU
		{20B6D86E-D1F0-4C10-B99A-E2957C1B3825}.Debug|x64.Build.0 = Debug|Any CPU
		{20B6D86E-D1F0-4C10-B99A-E2957C1B3825}.Debug|x86.ActiveCfg = Debug|Any CPU
		{20B6D86E-D1F0-4C10-B99A-E2957C1B3825}.Debug|x86.Build.0 = Debug|Any CPU
		{20B6D86E-D1F0-4C10-B99A-E2957C1B3825}.Release|Any CPU.ActiveCfg = Release|Any CPU
		{20B6D86E-D1F0-4C10-B99A-E2957C1B3825}.Release|Any CPU.Build.0 = Release|Any CPU
		{20B6D86E-D1F0-4C10-B99A-E2957C1B3825}.Release|x64.ActiveCfg = Release|Any CPU
		{20B6D86E-D1F0-4C10-B99A-E2957C1B3825}.Release|x64.Build.0 = Release|Any CPU
		{20B6D86E-D1F0-4C10-B99A-E2957C1B3825}.Release|x86.ActiveCfg = Release|Any CPU
		{20B6D86E-D1F0-4C10-B99A-E2957C1B3825}.Release|x86.Build.0 = Release|Any CPU
		{20B6D86E-D1F0-4C10-B99A-E2957C1B3825}.DebugL|Any CPU.ActiveCfg = DebugL|Any CPU
		{20B6D86E-D1F0-4C10-B99A-E2957C1B3825}.DebugL|Any CPU.Build.0 = DebugL|Any CPU
		{20B6D86E-D1F0-4C10-B99A-E2957C1B3825}.DebugL|x64.ActiveCfg = DebugL|Any CPU
		{20B6D86E-D1F0-4C10-B99A-E2957C1B3825}.DebugL|x64.Build.0 = DebugL|Any CPU
		{20B6D86E-D1F0-4C10-B99A-E2957C1B3825}.DebugL|x86.ActiveCfg = DebugL|Any CPU
		{20B6D86E-D1F0-4C10-B99A-E2957C1B3825}.DebugL|x86.Build.0 = DebugL|Any CPU
	EndGlobalSection
	GlobalSection(SolutionProperties) = preSolution
		HideSolutionNode = FALSE
	EndGlobalSection
	GlobalSection(NestedProjects) = preSolution
		{40197C2C-7799-4577-863F-8F88C06533C3} = {0AB3BF05-4346-4AA6-1389-037BE0695223}
		{B74AFABC-36FE-40DA-B215-2BFA55396D70} = {0AB3BF05-4346-4AA6-1389-037BE0695223}
		{20B6D86E-D1F0-4C10-B99A-E2957C1B3825} = {0AB3BF05-4346-4AA6-1389-037BE0695223}
	EndGlobalSection
EndGlobal
